
Microsoft Visual Studio Solution File, Format Version 12.00
Project("{FAE04EC0-301F-11D3-BF4B-00C04F79EFBC}") = "BLComponent", "BLComponent\BLComponent.csproj", "{F93411CB-11E2-4673-B98D-012C8AA0921A}"
EndProject
Project("{FAE04EC0-301F-11D3-BF4B-00C04F79EFBC}") = "CLComponent", "CLComponent\CLComponent.csproj", "{D9E62291-C129-49DF-8F39-7651A773F88A}"
	ProjectSection(ProjectDependencies) = postProject
		{F93411CB-11E2-4673-B98D-012C8AA0921A} = {F93411CB-11E2-4673-B98D-012C8AA0921A}
	EndProjectSection
EndProject
Project("{FAE04EC0-301F-11D3-BF4B-00C04F79EFBC}") = "DBComponent", "DBComponent\DBComponent.csproj", "{8AFC15C8-79F8-4941-983C-A2468455DEE2}"
EndProject
Project("{FAE04EC0-301F-11D3-BF4B-00C04F79EFBC}") = "BLUnitTests", "BLUnitTests\BLUnitTests.csproj", "{75CF1E64-B698-47D7-B2D0-92D0AF0391A5}"
EndProject
Project("{FAE04EC0-301F-11D3-BF4B-00C04F79EFBC}") = "DBUnitTests", "DBUnitTests\DBUnitTests.csproj", "{6B5816C1-4A58-42D5-BDB4-42BDCF044425}"
EndProject
Global
	GlobalSection(SolutionConfigurationPlatforms) = preSolution
		Debug|Any CPU = Debug|Any CPU
		Release|Any CPU = Release|Any CPU
	EndGlobalSection
	GlobalSection(ProjectConfigurationPlatforms) = postSolution
		{F93411CB-11E2-4673-B98D-012C8AA0921A}.Debug|Any CPU.ActiveCfg = Debug|Any CPU
		{F93411CB-11E2-4673-B98D-012C8AA0921A}.Debug|Any CPU.Build.0 = Debug|Any CPU
		{F93411CB-11E2-4673-B98D-012C8AA0921A}.Release|Any CPU.ActiveCfg = Release|Any CPU
		{F93411CB-11E2-4673-B98D-012C8AA0921A}.Release|Any CPU.Build.0 = Release|Any CPU
		{D9E62291-C129-49DF-8F39-7651A773F88A}.Debug|Any CPU.ActiveCfg = Debug|Any CPU
		{D9E62291-C129-49DF-8F39-7651A773F88A}.Debug|Any CPU.Build.0 = Debug|Any CPU
		{D9E62291-C129-49DF-8F39-7651A773F88A}.Release|Any CPU.ActiveCfg = Release|Any CPU
		{D9E62291-C129-49DF-8F39-7651A773F88A}.Release|Any CPU.Build.0 = Release|Any CPU
		{8AFC15C8-79F8-4941-983C-A2468455DEE2}.Debug|Any CPU.ActiveCfg = Debug|Any CPU
		{8AFC15C8-79F8-4941-983C-A2468455DEE2}.Debug|Any CPU.Build.0 = Debug|Any CPU
		{8AFC15C8-79F8-4941-983C-A2468455DEE2}.Release|Any CPU.ActiveCfg = Release|Any CPU
		{8AFC15C8-79F8-4941-983C-A2468455DEE2}.Release|Any CPU.Build.0 = Release|Any CPU
		{75CF1E64-B698-47D7-B2D0-92D0AF0391A5}.Debug|Any CPU.ActiveCfg = Debug|Any CPU
		{75CF1E64-B698-47D7-B2D0-92D0AF0391A5}.Debug|Any CPU.Build.0 = Debug|Any CPU
		{75CF1E64-B698-47D7-B2D0-92D0AF0391A5}.Release|Any CPU.ActiveCfg = Release|Any CPU
		{75CF1E64-B698-47D7-B2D0-92D0AF0391A5}.Release|Any CPU.Build.0 = Release|Any CPU
		{6B5816C1-4A58-42D5-BDB4-42BDCF044425}.Debug|Any CPU.ActiveCfg = Debug|Any CPU
		{6B5816C1-4A58-42D5-BDB4-42BDCF044425}.Debug|Any CPU.Build.0 = Debug|Any CPU
		{6B5816C1-4A58-42D5-BDB4-42BDCF044425}.Release|Any CPU.ActiveCfg = Release|Any CPU
		{6B5816C1-4A58-42D5-BDB4-42BDCF044425}.Release|Any CPU.Build.0 = Release|Any CPU
	EndGlobalSection
EndGlobal
